
Microsoft Visual Studio Solution File, Format Version 12.00
# Visual Studio 15
VisualStudioVersion = 15.0.27428.2043
MinimumVisualStudioVersion = 10.0.40219.1
Project("{E24C65DC-7377-472B-9ABA-BC803B73C61A}") = "fhir-front", "fhir-front\", "{292B63F6-EBFC-4209-AB4F-BB8AA600315E}"
	ProjectSection(WebsiteProperties) = preProject
		TargetFrameworkMoniker = ".NETFramework,Version%3Dv4.6.1"
		Debug.AspNetCompiler.VirtualPath = "/localhost_62836"
		Debug.AspNetCompiler.PhysicalPath = "fhir-front\"
		Debug.AspNetCompiler.TargetPath = "PrecompiledWeb\localhost_62836\"
		Debug.AspNetCompiler.Updateable = "true"
		Debug.AspNetCompiler.ForceOverwrite = "true"
		Debug.AspNetCompiler.FixedNames = "false"
		Debug.AspNetCompiler.Debug = "True"
		Release.AspNetCompiler.VirtualPath = "/localhost_62836"
		Release.AspNetCompiler.PhysicalPath = "fhir-front\"
		Release.AspNetCompiler.TargetPath = "PrecompiledWeb\localhost_62836\"
		Release.AspNetCompiler.Updateable = "true"
		Release.AspNetCompiler.ForceOverwrite = "true"
		Release.AspNetCompiler.FixedNames = "false"
		Release.AspNetCompiler.Debug = "False"
		VWDPort = "62836"
		SlnRelativePath = "fhir-front\"
		DefaultWebSiteLanguage = "Visual C#"
	EndProjectSection
EndProject
Global
	GlobalSection(SolutionConfigurationPlatforms) = preSolution
		Debug|Any CPU = Debug|Any CPU
	EndGlobalSection
	GlobalSection(ProjectConfigurationPlatforms) = postSolution
		{292B63F6-EBFC-4209-AB4F-BB8AA600315E}.Debug|Any CPU.ActiveCfg = Debug|Any CPU
		{292B63F6-EBFC-4209-AB4F-BB8AA600315E}.Debug|Any CPU.Build.0 = Debug|Any CPU
	EndGlobalSection
	GlobalSection(SolutionProperties) = preSolution
		HideSolutionNode = FALSE
	EndGlobalSection
	GlobalSection(ExtensibilityGlobals) = postSolution
		SolutionGuid = {F7178BD2-7776-45BE-B21D-9587F5405FDD}
	EndGlobalSection
EndGlobal
